# THIS IS AN AUTOGENERATED FILE. DO NOT EDIT THIS FILE DIRECTLY.
# yarn lockfile v1


"@pixi/accessibility@5.2.1":
  version "5.2.1"
  resolved "https://registry.yarnpkg.com/@pixi/accessibility/-/accessibility-5.2.1.tgz#2239f814e7c7d4e5f8ba6bd275b1fa9a6ba257ef"
  integrity sha512-X6pu50NDdApR7ppGGpB6LzZFVUqnrfLmpNYMVHtzmlMGc0JnpwI9NYTTjGrMpBtkra8Y8HN4aGT4Sa+cfc1BaA==
  dependencies:
    "@pixi/core" "5.2.1"
    "@pixi/display" "5.2.1"
    "@pixi/utils" "5.2.1"

"@pixi/app@5.2.1":
  version "5.2.1"
  resolved "https://registry.yarnpkg.com/@pixi/app/-/app-5.2.1.tgz#707dffac87ff31ba891b2278ac3e1d91413d5608"
  integrity sha512-KPZ6fa324BspRTumU1Cdo2QANIu01COLcKBa3CpofHHXc5ayRDQDFiJnMpKMPYMDIPfKZeNt5aVwW0yVFB3iNQ==
  dependencies:
    "@pixi/core" "5.2.1"
    "@pixi/display" "5.2.1"

"@pixi/constants@5.2.1":
  version "5.2.1"
  resolved "https://registry.yarnpkg.com/@pixi/constants/-/constants-5.2.1.tgz#5fa6bba0a456a5a6a09e20fca378545a88228ebf"
  integrity sha512-RYeP1Q5R6qVyVioM00/fhGXFAhJjD+mJW4+TOiNZQASKP0t6wF51yuIfROEIxf5a6I6INOB3aSit1jUkSpYgTA==

"@pixi/core@5.2.1":
  version "5.2.1"
  resolved "https://registry.yarnpkg.com/@pixi/core/-/core-5.2.1.tgz#c9ed2821608d5ef81fd01562043d5e9866ce0d89"
  integrity sha512-kREyWm87C4xZtdlw+otX+U/xJZhDUQyY/UHirbBwkO0LeAfrJm3qNyMfFZTcyW4PvmF16989IjvjGAWSeZSIQw==
  dependencies:
    "@pixi/constants" "5.2.1"
    "@pixi/display" "5.2.1"
    "@pixi/math" "5.2.1"
    "@pixi/runner" "5.2.1"
    "@pixi/settings" "5.2.1"
    "@pixi/ticker" "5.2.1"
    "@pixi/utils" "5.2.1"

"@pixi/display@5.2.1":
  version "5.2.1"
  resolved "https://registry.yarnpkg.com/@pixi/display/-/display-5.2.1.tgz#3085523656b45ae9f76ee4dd4ccb1d075ae76f1d"
  integrity sha512-tr++p14im8KBzZHxMtM/E2Q7FWHYp9bjjDl+rA1b91HSN/vUJu1OlkUoCN4x7TyfkVtDPnrglhZykf7d93Nl9A==
  dependencies:
    "@pixi/math" "5.2.1"
    "@pixi/settings" "5.2.1"
    "@pixi/utils" "5.2.1"

"@pixi/extract@5.2.1":
  version "5.2.1"
  resolved "https://registry.yarnpkg.com/@pixi/extract/-/extract-5.2.1.tgz#0d7b77df7380b45e3a7f606b838603515bb7a08c"
  integrity sha512-Ol5ypGFNIj4nfp8zO5F//nwi7YilyP+esul3nDgPQdemTY5aothnXIWxdglqT54Glz/jcRd0z7UHL5tiiwV9JQ==
  dependencies:
    "@pixi/core" "5.2.1"
    "@pixi/math" "5.2.1"
    "@pixi/utils" "5.2.1"

"@pixi/filter-alpha@5.2.1":
  version "5.2.1"
  resolved "https://registry.yarnpkg.com/@pixi/filter-alpha/-/filter-alpha-5.2.1.tgz#b7a403d9ef7dc61de1960888cde5a1d59ac99bab"
  integrity sha512-gqd8AQfej3HBdAXuRFku8HZx8pys7Klt5NJx78Du8ONyFnSrSSbZCgzctrqyrY396hXDkkcLyIL/Pi1sjN9pnw==
  dependencies:
    "@pixi/core" "5.2.1"

"@pixi/filter-blur@5.2.1":
  version "5.2.1"
  resolved "https://registry.yarnpkg.com/@pixi/filter-blur/-/filter-blur-5.2.1.tgz#3f375a64f12da434f05133554522ed7cc05b9416"
  integrity sha512-9TkJ3qpJAOvYiJILV7Eo2olb0tuEognpIQYGC0WDAwh/hLJAlp4xXCe1ZZyoTM75gNEgiQgzmbOIqx8Se5yI4w==
  dependencies:
    "@pixi/core" "5.2.1"
    "@pixi/settings" "5.2.1"

"@pixi/filter-color-matrix@5.2.1":
  version "5.2.1"
  resolved "https://registry.yarnpkg.com/@pixi/filter-color-matrix/-/filter-color-matrix-5.2.1.tgz#d467cf405f7b9b4ead79cee4735907f826ed1123"
  integrity sha512-alxpRXa7VVB9fcOq41AowH3/m/SdNmhKzoIdV5xQYfeLF+qRjJTP4DjiW0QuSqlY/zydSKLOEPj+hG3/onX/Qg==
  dependencies:
    "@pixi/core" "5.2.1"

"@pixi/filter-displacement@5.2.1":
  version "5.2.1"
  resolved "https://registry.yarnpkg.com/@pixi/filter-displacement/-/filter-displacement-5.2.1.tgz#52d6c48365ad46a1841632176567a3df89be6346"
  integrity sha512-WGO9Qv/+jLsOLLN0TZV8Jx8Il4/GChXGYZTQkF0YfAHYt/wx9OeFjR38KDVLzvIcRZhDuTZ4SUyfxkjdXPaBZQ==
  dependencies:
    "@pixi/core" "5.2.1"
    "@pixi/math" "5.2.1"

"@pixi/filter-fxaa@5.2.1":
  version "5.2.1"
  resolved "https://registry.yarnpkg.com/@pixi/filter-fxaa/-/filter-fxaa-5.2.1.tgz#4e245296afe014c0b75ab8afd6fd96d7fdf59c99"
  integrity sha512-eQgYCNYCTjJ5sB/PypU9RvnSsaM7mmsGy/CdTZigMM1qWW5zAvO3xrENwKAaVR8H23lqHw4mZoePdEnKt8cAfg==
  dependencies:
    "@pixi/core" "5.2.1"

"@pixi/filter-noise@5.2.1":
  version "5.2.1"
  resolved "https://registry.yarnpkg.com/@pixi/filter-noise/-/filter-noise-5.2.1.tgz#d065845b358fbc2be80988525d2120bc3b06e850"
  integrity sha512-Q0SLTiSvwxiwrNAhELescxTol3rn4Qvl6iq32rZ+0bPKnu9GkDWn3O/qBiDhfVVbYRk/nBai+UE+lIUxK7JFsw==
  dependencies:
    "@pixi/core" "5.2.1"

"@pixi/graphics@5.2.1":
  version "5.2.1"
  resolved "https://registry.yarnpkg.com/@pixi/graphics/-/graphics-5.2.1.tgz#6301a4c29469c5f0192bd44820cffd2ef977d504"
  integrity sha512-cyeG+gOJGruDZJIFnrLkojcsl+PSEobbuJ3HcmoNgemo4gmLC6c+zOoD8I5LFFzLXgrUVD0Y4WjOgM0ptH/4vg==
  dependencies:
    "@pixi/constants" "5.2.1"
    "@pixi/core" "5.2.1"
    "@pixi/display" "5.2.1"
    "@pixi/math" "5.2.1"
    "@pixi/sprite" "5.2.1"
    "@pixi/utils" "5.2.1"

"@pixi/interaction@5.2.1":
  version "5.2.1"
  resolved "https://registry.yarnpkg.com/@pixi/interaction/-/interaction-5.2.1.tgz#4dd5842692eb722fd009f2977af94b93cc2784a7"
  integrity sha512-sYFZGkseJGgQ+4Z/wJGklz8JNOf+Ih5l1+eeBly0irHsouPw9+LoSCCTVTCG4Lg7Ir/NBEr5vD7kfB7PsRADHw==
  dependencies:
    "@pixi/core" "5.2.1"
    "@pixi/display" "5.2.1"
    "@pixi/math" "5.2.1"
    "@pixi/ticker" "5.2.1"
    "@pixi/utils" "5.2.1"

"@pixi/loaders@5.2.1":
  version "5.2.1"
  resolved "https://registry.yarnpkg.com/@pixi/loaders/-/loaders-5.2.1.tgz#16d62d43e657e527e1228acd113e0d7afb66c5af"
  integrity sha512-XhmGD0+svS9MzqGXzcl8y0HCWk2NWqmSYDse9wwD1jIwpygU4Q5rrrqZE3OrUYt6xEP4IZXfiVAnfAJdUDtrzA==
  dependencies:
    "@pixi/core" "5.2.1"
    "@pixi/utils" "5.2.1"
    resource-loader "^3.0.1"

"@pixi/math@5.2.1":
  version "5.2.1"
  resolved "https://registry.yarnpkg.com/@pixi/math/-/math-5.2.1.tgz#d403ca911fbdc105060f2f9f2a8ab420d63a8c83"
  integrity sha512-rsAXNk0uPvog51sdmBmbRBXoN30pZLjboHLNb7s5mfuCWkMgdR/UFdbLFzd+3dwsgpFvawFuKtbQbwO0McXn+g==

"@pixi/mesh-extras@5.2.1":
  version "5.2.1"
  resolved "https://registry.yarnpkg.com/@pixi/mesh-extras/-/mesh-extras-5.2.1.tgz#4972ec8bb53eaa5a16bd8895f7b155bf947ce124"
  integrity sha512-x2waRYkAH+yuEBQh7/LRKxoQLtl7z3gL2xZ/Jd9PdL9jFvae65d5/BCbRUt4YIeqL8sF7GWN0yjiDaAXvzLUNw==
  dependencies:
    "@pixi/constants" "5.2.1"
    "@pixi/core" "5.2.1"
    "@pixi/math" "5.2.1"
    "@pixi/mesh" "5.2.1"
    "@pixi/utils" "5.2.1"

"@pixi/mesh@5.2.1":
  version "5.2.1"
  resolved "https://registry.yarnpkg.com/@pixi/mesh/-/mesh-5.2.1.tgz#36125111be2e1587454509bd6a6bfb5534c45fa6"
  integrity sha512-IAiDrdlAEi/B1jMlz8XqzMeI6wObm9WHXg+xqXA/Nwo12Ru8W3IiXgItNYFhSXbqVm0n/zTLdHtN589w3yyEVg==
  dependencies:
    "@pixi/constants" "5.2.1"
    "@pixi/core" "5.2.1"
    "@pixi/display" "5.2.1"
    "@pixi/math" "5.2.1"
    "@pixi/settings" "5.2.1"
    "@pixi/utils" "5.2.1"

"@pixi/mixin-cache-as-bitmap@5.2.1":
  version "5.2.1"
  resolved "https://registry.yarnpkg.com/@pixi/mixin-cache-as-bitmap/-/mixin-cache-as-bitmap-5.2.1.tgz#b54fd8797a24e3701b57ddfc9d15b0d4406391a7"
  integrity sha512-ev87bp3oLt8563HF6JR43IOg9DAVAvT5ohF78P6md38hwyBZR8UYu+sZZmwmkR0o01ppLo23SOACJR6GQ5a5oA==
  dependencies:
    "@pixi/core" "5.2.1"
    "@pixi/display" "5.2.1"
    "@pixi/math" "5.2.1"
    "@pixi/settings" "5.2.1"
    "@pixi/sprite" "5.2.1"
    "@pixi/utils" "5.2.1"

"@pixi/mixin-get-child-by-name@5.2.1":
  version "5.2.1"
  resolved "https://registry.yarnpkg.com/@pixi/mixin-get-child-by-name/-/mixin-get-child-by-name-5.2.1.tgz#6a2fadd47d7edddec10ae91a2e13078bf0d6ddd0"
  integrity sha512-Hb9qmexAhHKhkbtKPpJG+dK2t0rKlbbVCgiGLsSQkhpuCVFBoIVplq2tKQOB0VzUHa/Olzub+DNEPxJ05rRbjA==
  dependencies:
    "@pixi/display" "5.2.1"

"@pixi/mixin-get-global-position@5.2.1":
  version "5.2.1"
  resolved "https://registry.yarnpkg.com/@pixi/mixin-get-global-position/-/mixin-get-global-position-5.2.1.tgz#99ab5b5485682a07a8208668c0a339fa72f3dd74"
  integrity sha512-XiJPLNzcXxuygDM+QFp4tGNwjYL/E4IMcc55n0v+2Y+WJalTWssC6qcj343HU+CVvpc2DG/arFk5/bhwXDGhvg==
  dependencies:
    "@pixi/display" "5.2.1"
    "@pixi/math" "5.2.1"

"@pixi/particles@5.2.1":
  version "5.2.1"
  resolved "https://registry.yarnpkg.com/@pixi/particles/-/particles-5.2.1.tgz#9ac1dbffdd335b74e4e32b104e346182645c6225"
  integrity sha512-hl585Gwl/Zuim2cnvmYauhtE3Y5JCsbgqSN6FEUjdDVh142WbuX764sa1ogq7UcPgvle5zNpl9VjP8j3mm4u0w==
  dependencies:
    "@pixi/constants" "5.2.1"
    "@pixi/core" "5.2.1"
    "@pixi/display" "5.2.1"
    "@pixi/math" "5.2.1"
    "@pixi/utils" "5.2.1"

"@pixi/polyfill@5.2.1":
  version "5.2.1"
  resolved "https://registry.yarnpkg.com/@pixi/polyfill/-/polyfill-5.2.1.tgz#1f99c761f811bf5d6feed83e7cdcd4686d201c28"
  integrity sha512-qJ+Wgp9rhdv94zvA3+rmdvcbDun2VgCIXly+4t1vv1H0Z4YcE/6J4Psz1A3uRQk0AiIcgDNb79bqVNDOkJJp0A==
  dependencies:
    es6-promise-polyfill "^1.2.0"
    object-assign "^4.1.1"

"@pixi/prepare@5.2.1":
  version "5.2.1"
  resolved "https://registry.yarnpkg.com/@pixi/prepare/-/prepare-5.2.1.tgz#ef5c4e211e0bc0cf8537b59c8c3b7120c138e634"
  integrity sha512-UQKkvtUmJda22027pB/BER5G8EGA5mD70rTsMzCVN/lvSQW1etX7sVxSSfeXgnBp9xm9mwl4oiIsWN1yGspgxQ==
  dependencies:
    "@pixi/core" "5.2.1"
    "@pixi/display" "5.2.1"
    "@pixi/graphics" "5.2.1"
    "@pixi/settings" "5.2.1"
    "@pixi/text" "5.2.1"
    "@pixi/ticker" "5.2.1"

"@pixi/runner@5.2.1":
  version "5.2.1"
  resolved "https://registry.yarnpkg.com/@pixi/runner/-/runner-5.2.1.tgz#9f60adf9409876620191cb72764213bb9c14add8"
  integrity sha512-nhU3HaYb3EJ6zHU20b1jU6pD7vQp3OXoAtAVBzqPMR/oWMkeEm4dDvp1PwbCbZPUGoT7mLfQ//5maufue1MPqA==

"@pixi/settings@5.2.1":
  version "5.2.1"
  resolved "https://registry.yarnpkg.com/@pixi/settings/-/settings-5.2.1.tgz#1431a20ba2e8100c71eba9ba1fb7dc3d435d343e"
  integrity sha512-QQfCywlYrWKUekn06P2hy1KR5MYXUyqVU0fbqEItjsH3RvN0LzE9ry2sDxf53qQ2/uCjKDXcT59YV9JcHEfwHA==
  dependencies:
    ismobilejs "^1.0.3"

"@pixi/sprite-animated@5.2.1":
  version "5.2.1"
  resolved "https://registry.yarnpkg.com/@pixi/sprite-animated/-/sprite-animated-5.2.1.tgz#ea3379c7d02bbc362e9922c4e2f583b34f389a89"
  integrity sha512-FwYHhDWEmeQPZPEW+iwG+jMYM1h7hHMzOOMsR7fda1s2hVcYMK/RPAg2oWDFjx03nBFSMu4HjqUQn1lUmnp5Kw==
  dependencies:
    "@pixi/core" "5.2.1"
    "@pixi/sprite" "5.2.1"
    "@pixi/ticker" "5.2.1"

"@pixi/sprite-tiling@5.2.1":
  version "5.2.1"
  resolved "https://registry.yarnpkg.com/@pixi/sprite-tiling/-/sprite-tiling-5.2.1.tgz#209bda6713bf00cfb8eadeb8f779c6b872f1fa10"
  integrity sha512-1BuskMYmyctmIzqi5CidTFZCr23+ROwGKsynNFAVzzbRlBaAhTNveiY9mt9QJ+Pd2hugh0vY31IMMDuMqsE7Uw==
  dependencies:
    "@pixi/constants" "5.2.1"
    "@pixi/core" "5.2.1"
    "@pixi/display" "5.2.1"
    "@pixi/math" "5.2.1"
    "@pixi/sprite" "5.2.1"
    "@pixi/utils" "5.2.1"

"@pixi/sprite@5.2.1":
  version "5.2.1"
  resolved "https://registry.yarnpkg.com/@pixi/sprite/-/sprite-5.2.1.tgz#b5bc3ce257f285edc5a15c041e161034d00e4748"
  integrity sha512-F2BrLpyVswTbYXQFPBf8QpyfwH0T/Vft+PPxMNHya0eg2UiYZJFYLxhmbSIJLD+bWMRbSnQRq0M+rHhVVtXt2Q==
  dependencies:
    "@pixi/constants" "5.2.1"
    "@pixi/core" "5.2.1"
    "@pixi/display" "5.2.1"
    "@pixi/math" "5.2.1"
    "@pixi/settings" "5.2.1"
    "@pixi/utils" "5.2.1"

"@pixi/spritesheet@5.2.1":
  version "5.2.1"
  resolved "https://registry.yarnpkg.com/@pixi/spritesheet/-/spritesheet-5.2.1.tgz#80534f9875ce6f5bb5d3010b53f947efc6a22264"
  integrity sha512-Enj1FFhRtq3cUuctyPCLoGsudnGe9nD+gfs9UbOy1HXIZNd+uXhItZSIEjAoHgPSUzXprgCWaZrgrOD4KjW/tA==
  dependencies:
    "@pixi/core" "5.2.1"
    "@pixi/loaders" "5.2.1"
    "@pixi/math" "5.2.1"
    "@pixi/utils" "5.2.1"

"@pixi/text-bitmap@5.2.1":
  version "5.2.1"
  resolved "https://registry.yarnpkg.com/@pixi/text-bitmap/-/text-bitmap-5.2.1.tgz#e033e5f02d021e65f4d16918604c69ac3aade2ba"
  integrity sha512-K5d40LZdcVgzUFfWeuVjYHWS/8MWcbilp01SBljJ8JZdjTWC32eYrlhoCfnGBgiT0WFX3nH16kMi/dYRtwGJEQ==
  dependencies:
    "@pixi/core" "5.2.1"
    "@pixi/display" "5.2.1"
    "@pixi/loaders" "5.2.1"
    "@pixi/math" "5.2.1"
    "@pixi/settings" "5.2.1"
    "@pixi/sprite" "5.2.1"
    "@pixi/utils" "5.2.1"

"@pixi/text@5.2.1":
  version "5.2.1"
  resolved "https://registry.yarnpkg.com/@pixi/text/-/text-5.2.1.tgz#db5ae47425b9e8e8f393a92d50c4c740991d2863"
  integrity sha512-SqpyyVTCx8ZioibK0Jnf3wHZWSdLGlZ8tK+uEuf2Hrv533ZHcF8fYsruWG8L9WFwXSGVCWcN/qEwivpAdWoMvA==
  dependencies:
    "@pixi/core" "5.2.1"
    "@pixi/math" "5.2.1"
    "@pixi/settings" "5.2.1"
    "@pixi/sprite" "5.2.1"
    "@pixi/utils" "5.2.1"

"@pixi/ticker@5.2.1":
  version "5.2.1"
  resolved "https://registry.yarnpkg.com/@pixi/ticker/-/ticker-5.2.1.tgz#5808ce1dcbc75ffb5fff9c6925afab094e5f380b"
  integrity sha512-xC2kfTjmThjo9VO28snfgvpLEJRzseTPBLP+LFn9fBqmuL17Pw+/eXgWsrTeizEOiTy+4NsaplMWdRs91UM8uw==
  dependencies:
    "@pixi/settings" "5.2.1"

"@pixi/utils@5.2.1":
  version "5.2.1"
  resolved "https://registry.yarnpkg.com/@pixi/utils/-/utils-5.2.1.tgz#d2445a976b315a58860a7f19d754143af3659f09"
  integrity sha512-JKa/IDKK3cbwrJbhU4q3hdN5tPTsuiWco+WDSlEWq6vblrwJkhI+0dRQkooo2fL+Tso7k+hWQ+4k95YapTX5Og==
  dependencies:
    "@pixi/constants" "5.2.1"
    "@pixi/settings" "5.2.1"
    earcut "^2.1.5"
    eventemitter3 "^3.1.0"
    url "^0.11.0"

anymatch@~3.1.1:
  version "3.1.1"
  resolved "https://registry.yarnpkg.com/anymatch/-/anymatch-3.1.1.tgz#c55ecf02185e2469259399310c173ce31233b142"
  integrity sha512-mM8522psRCqzV+6LhomX5wgp25YVibjh8Wj23I5RPkPppSVSjyKD2A2mBJmWGa+KN7f2D6LNh9jkBCeyLktzjg==
  dependencies:
    normalize-path "^3.0.0"
    picomatch "^2.0.4"

binary-extensions@^2.0.0:
  version "2.0.0"
  resolved "https://registry.yarnpkg.com/binary-extensions/-/binary-extensions-2.0.0.tgz#23c0df14f6a88077f5f986c0d167ec03c3d5537c"
  integrity sha512-Phlt0plgpIIBOGTT/ehfFnbNlfsDEiqmzE2KRXoX1bLIlir4X/MR+zSyBEkL05ffWgnRSf/DXv+WrUAVr93/ow==

braces@~3.0.2:
  version "3.0.2"
  resolved "https://registry.yarnpkg.com/braces/-/braces-3.0.2.tgz#3454e1a462ee8d599e236df336cd9ea4f8afe107"
  integrity sha512-b8um+L1RzM3WDSzvhm6gIz1yfTbBt6YTlcEKAvsmqCZZFw46z626lVj9j1yEPW33H5H+lBQpZMP1k8l+78Ha0A==
  dependencies:
    fill-range "^7.0.1"

"chokidar@>=2.0.0 <4.0.0":
  version "3.3.1"
  resolved "https://registry.yarnpkg.com/chokidar/-/chokidar-3.3.1.tgz#c84e5b3d18d9a4d77558fef466b1bf16bbeb3450"
  integrity sha512-4QYCEWOcK3OJrxwvyyAOxFuhpvOVCYkr33LPfFNBjAD/w3sEzWsp2BUOkI4l9bHvWioAd0rc6NlHUOEaWkTeqg==
  dependencies:
    anymatch "~3.1.1"
    braces "~3.0.2"
    glob-parent "~5.1.0"
    is-binary-path "~2.1.0"
    is-glob "~4.0.1"
    normalize-path "~3.0.0"
    readdirp "~3.3.0"
  optionalDependencies:
    fsevents "~2.1.2"

earcut@^2.1.5:
  version "2.2.2"
  resolved "https://registry.yarnpkg.com/earcut/-/earcut-2.2.2.tgz#41b0bc35f63e0fe80da7cddff28511e7e2e80d11"
  integrity sha512-eZoZPPJcUHnfRZ0PjLvx2qBordSiO8ofC3vt+qACLM95u+4DovnbYNpQtJh0DNsWj8RnxrQytD4WA8gj5cRIaQ==

es6-promise-polyfill@^1.2.0:
  version "1.2.0"
  resolved "https://registry.yarnpkg.com/es6-promise-polyfill/-/es6-promise-polyfill-1.2.0.tgz#f38925f23cb3e3e8ce6cda8ff774fcebbb090cde"
  integrity sha1-84kl8jyz4+jObNqP93T867sJDN4=

eventemitter3@^3.1.0:
  version "3.1.2"
  resolved "https://registry.yarnpkg.com/eventemitter3/-/eventemitter3-3.1.2.tgz#2d3d48f9c346698fce83a85d7d664e98535df6e7"
  integrity sha512-tvtQIeLVHjDkJYnzf2dgVMxfuSGJeM/7UCG17TT4EumTfNtF+0nebF/4zWOIkCreAbtNqhGEboB6BWrwqNaw4Q==

fill-range@^7.0.1:
  version "7.0.1"
  resolved "https://registry.yarnpkg.com/fill-range/-/fill-range-7.0.1.tgz#1919a6a7c75fe38b2c7c77e5198535da9acdda40"
  integrity sha512-qOo9F+dMUmC2Lcb4BbVvnKJxTPjCm+RRpe4gDuGrzkL7mEVl/djYSu2OdQ2Pa302N4oqkSg9ir6jaLWJ2USVpQ==
  dependencies:
    to-regex-range "^5.0.1"

fsevents@~2.1.2:
  version "2.1.2"
  resolved "https://registry.yarnpkg.com/fsevents/-/fsevents-2.1.2.tgz#4c0a1fb34bc68e543b4b82a9ec392bfbda840805"
  integrity sha512-R4wDiBwZ0KzpgOWetKDug1FZcYhqYnUYKtfZYt4mD5SBz76q0KR4Q9o7GIPamsVPGmW3EYPPJ0dOOjvx32ldZA==

glob-parent@~5.1.0:
  version "5.1.0"
  resolved "https://registry.yarnpkg.com/glob-parent/-/glob-parent-5.1.0.tgz#5f4c1d1e748d30cd73ad2944b3577a81b081e8c2"
  integrity sha512-qjtRgnIVmOfnKUE3NJAQEdk+lKrxfw8t5ke7SXtfMTHcjsBfOfWXCQfdb30zfDoZQ2IRSIiidmjtbHZPZ++Ihw==
  dependencies:
    is-glob "^4.0.1"

is-binary-path@~2.1.0:
  version "2.1.0"
  resolved "https://registry.yarnpkg.com/is-binary-path/-/is-binary-path-2.1.0.tgz#ea1f7f3b80f064236e83470f86c09c254fb45b09"
  integrity sha512-ZMERYes6pDydyuGidse7OsHxtbI7WVeUEozgR/g7rd0xUimYNlvZRE/K2MgZTjWy725IfelLeVcEM97mmtRGXw==
  dependencies:
    binary-extensions "^2.0.0"

is-extglob@^2.1.1:
  version "2.1.1"
  resolved "https://registry.yarnpkg.com/is-extglob/-/is-extglob-2.1.1.tgz#a88c02535791f02ed37c76a1b9ea9773c833f8c2"
  integrity sha1-qIwCU1eR8C7TfHahueqXc8gz+MI=

is-glob@^4.0.1, is-glob@~4.0.1:
  version "4.0.1"
  resolved "https://registry.yarnpkg.com/is-glob/-/is-glob-4.0.1.tgz#7567dbe9f2f5e2467bc77ab83c4a29482407a5dc"
  integrity sha512-5G0tKtBTFImOqDnLB2hG6Bp2qcKEFduo4tZu9MT/H6NQv/ghhy30o55ufafxJ/LdH79LLs2Kfrn85TLKyA7BUg==
  dependencies:
    is-extglob "^2.1.1"

is-number@^7.0.0:
  version "7.0.0"
  resolved "https://registry.yarnpkg.com/is-number/-/is-number-7.0.0.tgz#7535345b896734d5f80c4d06c50955527a14f12b"
  integrity sha512-41Cifkg6e8TylSpdtTpeLVMqvSBEVzTttHvERD741+pnZ8ANv0004MRL43QKPDlK9cGvNp6NZWZUBlbGXYxxng==

ismobilejs@^1.0.3:
  version "1.0.3"
  resolved "https://registry.yarnpkg.com/ismobilejs/-/ismobilejs-1.0.3.tgz#69ec3faccd17dfeeadd471e70955d1e192a46eb6"
  integrity sha512-6rTcdWK7PHIWPYlCPdTbU9eE9yzdnIQSpiH+8Ln5OqugpEszQK5KHlsjZrDae26fEhki9rPvQmsjI1q4CLuKIA==

mini-signals@^1.2.0:
  version "1.2.0"
  resolved "https://registry.yarnpkg.com/mini-signals/-/mini-signals-1.2.0.tgz#45b08013c5fae51a24aa1a935cd317c9ed721d74"
  integrity sha1-RbCAE8X65RokqhqTXNMXye1yHXQ=

normalize-path@^3.0.0, normalize-path@~3.0.0:
  version "3.0.0"
  resolved "https://registry.yarnpkg.com/normalize-path/-/normalize-path-3.0.0.tgz#0dcd69ff23a1c9b11fd0978316644a0388216a65"
  integrity sha512-6eZs5Ls3WtCisHWp9S2GUy8dqkpGi4BVSz3GaqiE6ezub0512ESztXUwUB6C6IKbQkY2Pnb/mD4WYojCRwcwLA==

object-assign@^4.1.1:
  version "4.1.1"
  resolved "https://registry.yarnpkg.com/object-assign/-/object-assign-4.1.1.tgz#2109adc7965887cfc05cbbd442cac8bfbb360863"
  integrity sha1-IQmtx5ZYh8/AXLvUQsrIv7s2CGM=

parse-uri@^1.0.0:
  version "1.0.0"
  resolved "https://registry.yarnpkg.com/parse-uri/-/parse-uri-1.0.0.tgz#2872dcc22f1a797acde1583d8a0ac29552ddac20"
  integrity sha1-KHLcwi8aeXrN4Vg9igrClVLdrCA=

picomatch@^2.0.4, picomatch@^2.0.7:
  version "2.2.1"
  resolved "https://registry.yarnpkg.com/picomatch/-/picomatch-2.2.1.tgz#21bac888b6ed8601f831ce7816e335bc779f0a4a"
  integrity sha512-ISBaA8xQNmwELC7eOjqFKMESB2VIqt4PPDD0nsS95b/9dZXvVKOlz9keMSnoGGKcOHXfTvDD6WMaRoSc9UuhRA==

pixi.js@^5.2.1:
  version "5.2.1"
  resolved "https://registry.yarnpkg.com/pixi.js/-/pixi.js-5.2.1.tgz#523caaa64a9f8c15f380ace30520b991206c4ad5"
  integrity sha512-jmkxchTmotiJN/mOS6+kGEjBOhHxAfx4JuWsJGe+uix1J88wdM9iNYFjuib+ITXrLxo0OrC6EhQgNE9jzZWgcg==
  dependencies:
    "@pixi/accessibility" "5.2.1"
    "@pixi/app" "5.2.1"
    "@pixi/constants" "5.2.1"
    "@pixi/core" "5.2.1"
    "@pixi/display" "5.2.1"
    "@pixi/extract" "5.2.1"
    "@pixi/filter-alpha" "5.2.1"
    "@pixi/filter-blur" "5.2.1"
    "@pixi/filter-color-matrix" "5.2.1"
    "@pixi/filter-displacement" "5.2.1"
    "@pixi/filter-fxaa" "5.2.1"
    "@pixi/filter-noise" "5.2.1"
    "@pixi/graphics" "5.2.1"
    "@pixi/interaction" "5.2.1"
    "@pixi/loaders" "5.2.1"
    "@pixi/math" "5.2.1"
    "@pixi/mesh" "5.2.1"
    "@pixi/mesh-extras" "5.2.1"
    "@pixi/mixin-cache-as-bitmap" "5.2.1"
    "@pixi/mixin-get-child-by-name" "5.2.1"
    "@pixi/mixin-get-global-position" "5.2.1"
    "@pixi/particles" "5.2.1"
    "@pixi/polyfill" "5.2.1"
    "@pixi/prepare" "5.2.1"
    "@pixi/runner" "5.2.1"
    "@pixi/settings" "5.2.1"
    "@pixi/sprite" "5.2.1"
    "@pixi/sprite-animated" "5.2.1"
    "@pixi/sprite-tiling" "5.2.1"
    "@pixi/spritesheet" "5.2.1"
    "@pixi/text" "5.2.1"
    "@pixi/text-bitmap" "5.2.1"
    "@pixi/ticker" "5.2.1"
    "@pixi/utils" "5.2.1"

punycode@1.3.2:
  version "1.3.2"
  resolved "https://registry.yarnpkg.com/punycode/-/punycode-1.3.2.tgz#9653a036fb7c1ee42342f2325cceefea3926c48d"
  integrity sha1-llOgNvt8HuQjQvIyXM7v6jkmxI0=

querystring@0.2.0:
  version "0.2.0"
  resolved "https://registry.yarnpkg.com/querystring/-/querystring-0.2.0.tgz#b209849203bb25df820da756e747005878521620"
  integrity sha1-sgmEkgO7Jd+CDadW50cAWHhSFiA=

readdirp@~3.3.0:
  version "3.3.0"
  resolved "https://registry.yarnpkg.com/readdirp/-/readdirp-3.3.0.tgz#984458d13a1e42e2e9f5841b129e162f369aff17"
  integrity sha512-zz0pAkSPOXXm1viEwygWIPSPkcBYjW1xU5j/JBh5t9bGCJwa6f9+BJa6VaB2g+b55yVrmXzqkyLf4xaWYM0IkQ==
  dependencies:
    picomatch "^2.0.7"

resource-loader@^3.0.1:
  version "3.0.1"
  resolved "https://registry.yarnpkg.com/resource-loader/-/resource-loader-3.0.1.tgz#33355bb5421e2994f59454bbc7f6dbff8df06d47"
  integrity sha512-fBuCRbEHdLCI1eglzQhUv9Rrdcmqkydr1r6uHE2cYHvRBrcLXeSmbE/qI/urFt8rPr/IGxir3BUwM5kUK8XoyA==
  dependencies:
    mini-signals "^1.2.0"
    parse-uri "^1.0.0"

sass@^1.26.3:
  version "1.26.3"
  resolved "https://registry.yarnpkg.com/sass/-/sass-1.26.3.tgz#412df54486143b76b5a65cdf7569e86f44659f46"
  integrity sha512-5NMHI1+YFYw4sN3yfKjpLuV9B5l7MqQ6FlkTcC4FT+oHbBRUZoSjHrrt/mE0nFXJyY2kQtU9ou9HxvFVjLFuuw==
  dependencies:
    chokidar ">=2.0.0 <4.0.0"

to-regex-range@^5.0.1:
  version "5.0.1"
  resolved "https://registry.yarnpkg.com/to-regex-range/-/to-regex-range-5.0.1.tgz#1648c44aae7c8d988a326018ed72f5b4dd0392e4"
  integrity sha512-65P7iz6X5yEr1cwcgvQxbbIw7Uk3gOy5dIdtZ4rDveLqhrdJP+Li/Hx6tyK0NEb+2GCyneCMJiGqrADCSNk8sQ==
  dependencies:
    is-number "^7.0.0"

typescript@^3.8.3:
  version "3.8.3"
  resolved "https://registry.yarnpkg.com/typescript/-/typescript-3.8.3.tgz#409eb8544ea0335711205869ec458ab109ee1061"
  integrity sha512-MYlEfn5VrLNsgudQTVJeNaQFUAI7DkhnOjdpAp4T+ku1TfQClewlbSuTVHiA+8skNBgaf02TL/kLOvig4y3G8w==

url@^0.11.0:
  version "0.11.0"
  resolved "https://registry.yarnpkg.com/url/-/url-0.11.0.tgz#3838e97cfc60521eb73c525a8e55bfdd9e2e28f1"
  integrity sha1-ODjpfPxgUh63PFJajlW/3Z4uKPE=
  dependencies:
    punycode "1.3.2"
    querystring "0.2.0"
